
Microsoft Visual Studio Solution File, Format Version 12.00
# Visual Studio Version 17
VisualStudioVersion = 17.14.36310.24 d17.14
MinimumVisualStudioVersion = 10.0.40219.1
Project("{FAE04EC0-301F-11D3-BF4B-00C04F79EFBC}") = "ACT_FOOD_ORDER", "ACT_FOOD_ORDER\ACT_FOOD_ORDER.csproj", "{7C556114-EAC2-4F95-8537-6541C04714DE}"
EndProject
Global
	GlobalSection(SolutionConfigurationPlatforms) = preSolution
		Debug|Any CPU = Debug|Any CPU
		Release|Any CPU = Release|Any CPU
	EndGlobalSection
	GlobalSection(ProjectConfigurationPlatforms) = postSolution
		{7C556114-EAC2-4F95-8537-6541C04714DE}.Debug|Any CPU.ActiveCfg = Debug|Any CPU
		{7C556114-EAC2-4F95-8537-6541C04714DE}.Debug|Any CPU.Build.0 = Debug|Any CPU
		{7C556114-EAC2-4F95-8537-6541C04714DE}.Release|Any CPU.ActiveCfg = Release|Any CPU
		{7C556114-EAC2-4F95-8537-6541C04714DE}.Release|Any CPU.Build.0 = Release|Any CPU
	EndGlobalSection
	GlobalSection(SolutionProperties) = preSolution
		HideSolutionNode = FALSE
	EndGlobalSection
	GlobalSection(ExtensibilityGlobals) = postSolution
		SolutionGuid = {181D2C0D-CE84-4FBF-A2B5-E0DF01CAE7F6}
	EndGlobalSection
EndGlobal
